// !$*UTF8*$!
{
	archiveVersion = 1;
	classes = {
	};
	objectVersion = 77;
	objects = {

/* Begin PBXBuildFile section */
		C60031862D4782AC0024CA6A /* AppDelegate.swift in Sources */ = {isa = PBXBuildFile; fileRef = C600317C2D4782AC0024CA6A /* AppDelegate.swift */; };
		C60031872D4782AC0024CA6A /* SceneDelegate.swift in Sources */ = {isa = PBXBuildFile; fileRef = C60031832D4782AC0024CA6A /* SceneDelegate.swift */; };
		C60031882D4782AC0024CA6A /* HomeScreenVC.swift in Sources */ = {isa = PBXBuildFile; fileRef = C60031842D4782AC0024CA6A /* HomeScreenVC.swift */; };
		C60031892D4782AC0024CA6A /* Assets.xcassets in Resources */ = {isa = PBXBuildFile; fileRef = C600317D2D4782AC0024CA6A /* Assets.xcassets */; };
		C600318B2D4782AC0024CA6A /* LaunchScreen.storyboard in Resources */ = {isa = PBXBuildFile; fileRef = C60031802D4782AC0024CA6A /* LaunchScreen.storyboard */; };
		C60031952D4783950024CA6A /* Endpoints.swift in Sources */ = {isa = PBXBuildFile; fileRef = C60031942D4783950024CA6A /* Endpoints.swift */; };
		C60031972D4784080024CA6A /* NetworkManager.swift in Sources */ = {isa = PBXBuildFile; fileRef = C60031962D4784080024CA6A /* NetworkManager.swift */; };
		C60031992D4784380024CA6A /* User.swift in Sources */ = {isa = PBXBuildFile; fileRef = C60031982D4784380024CA6A /* User.swift */; };
		C600319B2D4785A70024CA6A /* HomeScreenVM.swift in Sources */ = {isa = PBXBuildFile; fileRef = C600319A2D4785A70024CA6A /* HomeScreenVM.swift */; };
		C600319E2D47888F0024CA6A /* UserCell.swift in Sources */ = {isa = PBXBuildFile; fileRef = C600319C2D47888F0024CA6A /* UserCell.swift */; };
		C600319F2D47888F0024CA6A /* UserCell.xib in Resources */ = {isa = PBXBuildFile; fileRef = C600319D2D47888F0024CA6A /* UserCell.xib */; };
		C60031A22D4797B40024CA6A /* Alerts.swift in Sources */ = {isa = PBXBuildFile; fileRef = C60031A12D4797B40024CA6A /* Alerts.swift */; };
		C60031A52D47A0A30024CA6A /* DetailVCViewController.swift in Sources */ = {isa = PBXBuildFile; fileRef = C60031A32D47A0A30024CA6A /* DetailVCViewController.swift */; };
		C60031A62D47A0A30024CA6A /* DetailVCViewController.xib in Resources */ = {isa = PBXBuildFile; fileRef = C60031A42D47A0A30024CA6A /* DetailVCViewController.xib */; };
/* End PBXBuildFile section */

/* Begin PBXFileReference section */
		C60031542D4781780024CA6A /* UserListMVVM.app */ = {isa = PBXFileReference; explicitFileType = wrapper.application; includeInIndex = 0; path = UserListMVVM.app; sourceTree = BUILT_PRODUCTS_DIR; };
		C600317C2D4782AC0024CA6A /* AppDelegate.swift */ = {isa = PBXFileReference; lastKnownFileType = sourcecode.swift; path = AppDelegate.swift; sourceTree = "<group>"; };
		C600317D2D4782AC0024CA6A /* Assets.xcassets */ = {isa = PBXFileReference; lastKnownFileType = folder.assetcatalog; path = Assets.xcassets; sourceTree = "<group>"; };
		C600317E2D4782AC0024CA6A /* Info.plist */ = {isa = PBXFileReference; lastKnownFileType = text.plist.xml; path = Info.plist; sourceTree = "<group>"; };
		C600317F2D4782AC0024CA6A /* Base */ = {isa = PBXFileReference; lastKnownFileType = file.storyboard; name = Base; path = Base.lproj/LaunchScreen.storyboard; sourceTree = "<group>"; };
		C60031832D4782AC0024CA6A /* SceneDelegate.swift */ = {isa = PBXFileReference; lastKnownFileType = sourcecode.swift; path = SceneDelegate.swift; sourceTree = "<group>"; };
		C60031842D4782AC0024CA6A /* HomeScreenVC.swift */ = {isa = PBXFileReference; lastKnownFileType = sourcecode.swift; path = HomeScreenVC.swift; sourceTree = "<group>"; };
		C60031942D4783950024CA6A /* Endpoints.swift */ = {isa = PBXFileReference; lastKnownFileType = sourcecode.swift; path = Endpoints.swift; sourceTree = "<group>"; };
		C60031962D4784080024CA6A /* NetworkManager.swift */ = {isa = PBXFileReference; lastKnownFileType = sourcecode.swift; path = NetworkManager.swift; sourceTree = "<group>"; };
		C60031982D4784380024CA6A /* User.swift */ = {isa = PBXFileReference; lastKnownFileType = sourcecode.swift; path = User.swift; sourceTree = "<group>"; };
		C600319A2D4785A70024CA6A /* HomeScreenVM.swift */ = {isa = PBXFileReference; lastKnownFileType = sourcecode.swift; path = HomeScreenVM.swift; sourceTree = "<group>"; };
		C600319C2D47888F0024CA6A /* UserCell.swift */ = {isa = PBXFileReference; lastKnownFileType = sourcecode.swift; path = UserCell.swift; sourceTree = "<group>"; };
		C600319D2D47888F0024CA6A /* UserCell.xib */ = {isa = PBXFileReference; lastKnownFileType = file.xib; path = UserCell.xib; sourceTree = "<group>"; };
		C60031A12D4797B40024CA6A /* Alerts.swift */ = {isa = PBXFileReference; lastKnownFileType = sourcecode.swift; path = Alerts.swift; sourceTree = "<group>"; };
		C60031A32D47A0A30024CA6A /* DetailVCViewController.swift */ = {isa = PBXFileReference; lastKnownFileType = sourcecode.swift; path = DetailVCViewController.swift; sourceTree = "<group>"; };
		C60031A42D47A0A30024CA6A /* DetailVCViewController.xib */ = {isa = PBXFileReference; lastKnownFileType = file.xib; path = DetailVCViewController.xib; sourceTree = "<group>"; };
/* End PBXFileReference section */

/* Begin PBXFrameworksBuildPhase section */
		C60031512D4781780024CA6A /* Frameworks */ = {
			isa = PBXFrameworksBuildPhase;
			buildActionMask = 2147483647;
			files = (
			);
			runOnlyForDeploymentPostprocessing = 0;
		};
/* End PBXFrameworksBuildPhase section */

/* Begin PBXGroup section */
		C600314B2D4781780024CA6A = {
			isa = PBXGroup;
			children = (
				C60031852D4782AC0024CA6A /* UserListMVVM */,
				C60031552D4781780024CA6A /* Products */,
			);
			sourceTree = "<group>";
		};
		C60031552D4781780024CA6A /* Products */ = {
			isa = PBXGroup;
			children = (
				C60031542D4781780024CA6A /* UserListMVVM.app */,
			);
			name = Products;
			sourceTree = "<group>";
		};
		C60031852D4782AC0024CA6A /* UserListMVVM */ = {
			isa = PBXGroup;
			children = (
				C60031A02D4797AC0024CA6A /* Helpers */,
				C600318D2D4782B30024CA6A /* App */,
				C600318E2D4782BA0024CA6A /* Resources */,
				C600318F2D4782C00024CA6A /* SupportingFiles */,
				C60031932D4783730024CA6A /* Network */,
				C60031912D4783540024CA6A /* Model */,
				C60031922D4783570024CA6A /* ViewModel */,
				C60031902D4782CE0024CA6A /* View */,
			);
			path = UserListMVVM;
			sourceTree = "<group>";
		};
		C600318D2D4782B30024CA6A /* App */ = {
			isa = PBXGroup;
			children = (
				C600317C2D4782AC0024CA6A /* AppDelegate.swift */,
				C60031832D4782AC0024CA6A /* SceneDelegate.swift */,
			);
			path = App;
			sourceTree = "<group>";
		};
		C600318E2D4782BA0024CA6A /* Resources */ = {
			isa = PBXGroup;
			children = (
				C600317D2D4782AC0024CA6A /* Assets.xcassets */,
			);
			path = Resources;
			sourceTree = "<group>";
		};
		C600318F2D4782C00024CA6A /* SupportingFiles */ = {
			isa = PBXGroup;
			children = (
				C600317E2D4782AC0024CA6A /* Info.plist */,
				C60031802D4782AC0024CA6A /* LaunchScreen.storyboard */,
			);
			path = SupportingFiles;
			sourceTree = "<group>";
		};
		C60031902D4782CE0024CA6A /* View */ = {
			isa = PBXGroup;
			children = (
				C60031842D4782AC0024CA6A /* HomeScreenVC.swift */,
				C600319C2D47888F0024CA6A /* UserCell.swift */,
				C600319D2D47888F0024CA6A /* UserCell.xib */,
				C60031A32D47A0A30024CA6A /* DetailVCViewController.swift */,
				C60031A42D47A0A30024CA6A /* DetailVCViewController.xib */,
			);
			path = View;
			sourceTree = "<group>";
		};
		C60031912D4783540024CA6A /* Model */ = {
			isa = PBXGroup;
			children = (
				C60031982D4784380024CA6A /* User.swift */,
			);
			path = Model;
			sourceTree = "<group>";
		};
		C60031922D4783570024CA6A /* ViewModel */ = {
			isa = PBXGroup;
			children = (
				C600319A2D4785A70024CA6A /* HomeScreenVM.swift */,
			);
			path = ViewModel;
			sourceTree = "<group>";
		};
		C60031932D4783730024CA6A /* Network */ = {
			isa = PBXGroup;
			children = (
				C60031942D4783950024CA6A /* Endpoints.swift */,
				C60031962D4784080024CA6A /* NetworkManager.swift */,
			);
			path = Network;
			sourceTree = "<group>";
		};
		C60031A02D4797AC0024CA6A /* Helpers */ = {
			isa = PBXGroup;
			children = (
				C60031A12D4797B40024CA6A /* Alerts.swift */,
			);
			path = Helpers;
			sourceTree = "<group>";
		};
/* End PBXGroup section */

/* Begin PBXNativeTarget section */
		C60031532D4781780024CA6A /* UserListMVVM */ = {
			isa = PBXNativeTarget;
			buildConfigurationList = C60031672D4781790024CA6A /* Build configuration list for PBXNativeTarget "UserListMVVM" */;
			buildPhases = (
				C60031502D4781780024CA6A /* Sources */,
				C60031512D4781780024CA6A /* Frameworks */,
				C60031522D4781780024CA6A /* Resources */,
			);
			buildRules = (
			);
			dependencies = (
			);
			name = UserListMVVM;
			packageProductDependencies = (
			);
			productName = UserListMVVM;
			productReference = C60031542D4781780024CA6A /* UserListMVVM.app */;
			productType = "com.apple.product-type.application";
		};
/* End PBXNativeTarget section */

/* Begin PBXProject section */
		C600314C2D4781780024CA6A /* Project object */ = {
			isa = PBXProject;
			attributes = {
				BuildIndependentTargetsInParallel = 1;
				LastSwiftUpdateCheck = 1610;
				LastUpgradeCheck = 1610;
				TargetAttributes = {
					C60031532D4781780024CA6A = {
						CreatedOnToolsVersion = 16.1;
					};
				};
			};
			buildConfigurationList = C600314F2D4781780024CA6A /* Build configuration list for PBXProject "UserListMVVM" */;
			developmentRegion = en;
			hasScannedForEncodings = 0;
			knownRegions = (
				en,
				Base,
			);
			mainGroup = C600314B2D4781780024CA6A;
			minimizedProjectReferenceProxies = 1;
			preferredProjectObjectVersion = 77;
			productRefGroup = C60031552D4781780024CA6A /* Products */;
			projectDirPath = "";
			projectRoot = "";
			targets = (
				C60031532D4781780024CA6A /* UserListMVVM */,
			);
		};
/* End PBXProject section */

/* Begin PBXResourcesBuildPhase section */
		C60031522D4781780024CA6A /* Resources */ = {
			isa = PBXResourcesBuildPhase;
			buildActionMask = 2147483647;
			files = (
				C60031892D4782AC0024CA6A /* Assets.xcassets in Resources */,
				C600318B2D4782AC0024CA6A /* LaunchScreen.storyboard in Resources */,
				C60031A62D47A0A30024CA6A /* DetailVCViewController.xib in Resources */,
				C600319F2D47888F0024CA6A /* UserCell.xib in Resources */,
			);
			runOnlyForDeploymentPostprocessing = 0;
		};
/* End PBXResourcesBuildPhase section */

/* Begin PBXSourcesBuildPhase section */
		C60031502D4781780024CA6A /* Sources */ = {
			isa = PBXSourcesBuildPhase;
			buildActionMask = 2147483647;
			files = (
				C60031A52D47A0A30024CA6A /* DetailVCViewController.swift in Sources */,
				C600319E2D47888F0024CA6A /* UserCell.swift in Sources */,
				C60031862D4782AC0024CA6A /* AppDelegate.swift in Sources */,
				C60031872D4782AC0024CA6A /* SceneDelegate.swift in Sources */,
				C60031992D4784380024CA6A /* User.swift in Sources */,
				C600319B2D4785A70024CA6A /* HomeScreenVM.swift in Sources */,
				C60031972D4784080024CA6A /* NetworkManager.swift in Sources */,
				C60031952D4783950024CA6A /* Endpoints.swift in Sources */,
				C60031A22D4797B40024CA6A /* Alerts.swift in Sources */,
				C60031882D4782AC0024CA6A /* HomeScreenVC.swift in Sources */,
			);
			runOnlyForDeploymentPostprocessing = 0;
		};
/* End PBXSourcesBuildPhase section */

/* Begin PBXVariantGroup section */
		C60031802D4782AC0024CA6A /* LaunchScreen.storyboard */ = {
			isa = PBXVariantGroup;
			children = (
				C600317F2D4782AC0024CA6A /* Base */,
			);
			name = LaunchScreen.storyboard;
			sourceTree = "<group>";
		};
/* End PBXVariantGroup section */

/* Begin XCBuildConfiguration section */
		C60031682D4781790024CA6A /* Debug */ = {
			isa = XCBuildConfiguration;
			buildSettings = {
				ASSETCATALOG_COMPILER_APPICON_NAME = AppIcon;
				ASSETCATALOG_COMPILER_GLOBAL_ACCENT_COLOR_NAME = AccentColor;
				CODE_SIGN_STYLE = Automatic;
				CURRENT_PROJECT_VERSION = 1;
				DEVELOPMENT_TEAM = DU4MNZ89TN;
				GENERATE_INFOPLIST_FILE = YES;
				INFOPLIST_FILE = UserListMVVM/SupportingFiles/Info.plist;
				INFOPLIST_KEY_UIApplicationSupportsIndirectInputEvents = YES;
				INFOPLIST_KEY_UILaunchStoryboardName = LaunchScreen;
				INFOPLIST_KEY_UISupportedInterfaceOrientations_iPad = "UIInterfaceOrientationPortrait UIInterfaceOrientationPortraitUpsideDown UIInterfaceOrientationLandscapeLeft UIInterfaceOrientationLandscapeRight";
				INFOPLIST_KEY_UISupportedInterfaceOrientations_iPhone = "UIInterfaceOrientationPortrait UIInterfaceOrientationLandscapeLeft UIInterfaceOrientationLandscapeRight";
				LD_RUNPATH_SEARCH_PATHS = (
					"$(inherited)",
					"@executable_path/Frameworks",
				);
				MARKETING_VERSION = 1.0;
				PRODUCT_BUNDLE_IDENTIFIER = com.mertziya.UserListMVVM;
				PRODUCT_NAME = "$(TARGET_NAME)";
				SWIFT_EMIT_LOC_STRINGS = YES;
				SWIFT_VERSION = 5.0;
				TARGETED_DEVICE_FAMILY = "1,2";
			};
			name = Debug;
		};
		C60031692D4781790024CA6A /* Release */ = {
			isa = XCBuildConfiguration;
			buildSettings = {
				ASSETCATALOG_COMPILER_APPICON_NAME = AppIcon;
				ASSETCATALOG_COMPILER_GLOBAL_ACCENT_COLOR_NAME = AccentColor;
				CODE_SIGN_STYLE = Automatic;
				CURRENT_PROJECT_VERSION = 1;
				DEVELOPMENT_TEAM = DU4MNZ89TN;
				GENERATE_INFOPLIST_FILE = YES;
				INFOPLIST_FILE = UserListMVVM/SupportingFiles/Info.plist;
				INFOPLIST_KEY_UIApplicationSupportsIndirectInputEvents = YES;
				INFOPLIST_KEY_UILaunchStoryboardName = LaunchScreen;
				INFOPLIST_KEY_UISupportedInterfaceOrientations_iPad = "UIInterfaceOrientationPortrait UIInterfaceOrientationPortraitUpsideDown UIInterfaceOrientationLandscapeLeft UIInterfaceOrientationLandscapeRight";
				INFOPLIST_KEY_UISupportedInterfaceOrientations_iPhone = "UIInterfaceOrientationPortrait UIInterfaceOrientationLandscapeLeft UIInterfaceOrientationLandscapeRight";
				LD_RUNPATH_SEARCH_PATHS = (
					"$(inherited)",
					"@executable_path/Frameworks",
				);
				MARKETING_VERSION = 1.0;
				PRODUCT_BUNDLE_IDENTIFIER = com.mertziya.UserListMVVM;
				PRODUCT_NAME = "$(TARGET_NAME)";
				SWIFT_EMIT_LOC_STRINGS = YES;
				SWIFT_VERSION = 5.0;
				TARGETED_DEVICE_FAMILY = "1,2";
			};
			name = Release;
		};
		C600316A2D4781790024CA6A /* Debug */ = {
			isa = XCBuildConfiguration;
			buildSettings = {
				ALWAYS_SEARCH_USER_PATHS = NO;
				ASSETCATALOG_COMPILER_GENERATE_SWIFT_ASSET_SYMBOL_EXTENSIONS = YES;
				CLANG_ANALYZER_NONNULL = YES;
				CLANG_ANALYZER_NUMBER_OBJECT_CONVERSION = YES_AGGRESSIVE;
				CLANG_CXX_LANGUAGE_STANDARD = "gnu++20";
				CLANG_ENABLE_MODULES = YES;
				CLANG_ENABLE_OBJC_ARC = YES;
				CLANG_ENABLE_OBJC_WEAK = YES;
				CLANG_WARN_BLOCK_CAPTURE_AUTORELEASING = YES;
				CLANG_WARN_BOOL_CONVERSION = YES;
				CLANG_WARN_COMMA = YES;
				CLANG_WARN_CONSTANT_CONVERSION = YES;
				CLANG_WARN_DEPRECATED_OBJC_IMPLEMENTATIONS = YES;
				CLANG_WARN_DIRECT_OBJC_ISA_USAGE = YES_ERROR;
				CLANG_WARN_DOCUMENTATION_COMMENTS = YES;
				CLANG_WARN_EMPTY_BODY = YES;
				CLANG_WARN_ENUM_CONVERSION = YES;
				CLANG_WARN_INFINITE_RECURSION = YES;
				CLANG_WARN_INT_CONVERSION = YES;
				CLANG_WARN_NON_LITERAL_NULL_CONVERSION = YES;
				CLANG_WARN_OBJC_IMPLICIT_RETAIN_SELF = YES;
				CLANG_WARN_OBJC_LITERAL_CONVERSION = YES;
				CLANG_WARN_OBJC_ROOT_CLASS = YES_ERROR;
				CLANG_WARN_QUOTED_INCLUDE_IN_FRAMEWORK_HEADER = YES;
				CLANG_WARN_RANGE_LOOP_ANALYSIS = YES;
				CLANG_WARN_STRICT_PROTOTYPES = YES;
				CLANG_WARN_SUSPICIOUS_MOVE = YES;
				CLANG_WARN_UNGUARDED_AVAILABILITY = YES_AGGRESSIVE;
				CLANG_WARN_UNREACHABLE_CODE = YES;
				CLANG_WARN__DUPLICATE_METHOD_MATCH = YES;
				COPY_PHASE_STRIP = NO;
				DEBUG_INFORMATION_FORMAT = dwarf;
				ENABLE_STRICT_OBJC_MSGSEND = YES;
				ENABLE_TESTABILITY = YES;
				ENABLE_USER_SCRIPT_SANDBOXING = YES;
				GCC_C_LANGUAGE_STANDARD = gnu17;
				GCC_DYNAMIC_NO_PIC = NO;
				GCC_NO_COMMON_BLOCKS = YES;
				GCC_OPTIMIZATION_LEVEL = 0;
				GCC_PREPROCESSOR_DEFINITIONS = (
					"DEBUG=1",
					"$(inherited)",
				);
				GCC_WARN_64_TO_32_BIT_CONVERSION = YES;
				GCC_WARN_ABOUT_RETURN_TYPE = YES_ERROR;
				GCC_WARN_UNDECLARED_SELECTOR = YES;
				GCC_WARN_UNINITIALIZED_AUTOS = YES_AGGRESSIVE;
				GCC_WARN_UNUSED_FUNCTION = YES;
				GCC_WARN_UNUSED_VARIABLE = YES;
				IPHONEOS_DEPLOYMENT_TARGET = 18.1;
				LOCALIZATION_PREFERS_STRING_CATALOGS = YES;
				MTL_ENABLE_DEBUG_INFO = INCLUDE_SOURCE;
				MTL_FAST_MATH = YES;
				ONLY_ACTIVE_ARCH = YES;
				SDKROOT = iphoneos;
				SWIFT_ACTIVE_COMPILATION_CONDITIONS = "DEBUG $(inherited)";
				SWIFT_OPTIMIZATION_LEVEL = "-Onone";
			};
			name = Debug;
		};
		C600316B2D4781790024CA6A /* Release */ = {
			isa = XCBuildConfiguration;
			buildSettings = {
				ALWAYS_SEARCH_USER_PATHS = NO;
				ASSETCATALOG_COMPILER_GENERATE_SWIFT_ASSET_SYMBOL_EXTENSIONS = YES;
				CLANG_ANALYZER_NONNULL = YES;
				CLANG_ANALYZER_NUMBER_OBJECT_CONVERSION = YES_AGGRESSIVE;
				CLANG_CXX_LANGUAGE_STANDARD = "gnu++20";
				CLANG_ENABLE_MODULES = YES;
				CLANG_ENABLE_OBJC_ARC = YES;
				CLANG_ENABLE_OBJC_WEAK = YES;
				CLANG_WARN_BLOCK_CAPTURE_AUTORELEASING = YES;
				CLANG_WARN_BOOL_CONVERSION = YES;
				CLANG_WARN_COMMA = YES;
				CLANG_WARN_CONSTANT_CONVERSION = YES;
				CLANG_WARN_DEPRECATED_OBJC_IMPLEMENTATIONS = YES;
				CLANG_WARN_DIRECT_OBJC_ISA_USAGE = YES_ERROR;
				CLANG_WARN_DOCUMENTATION_COMMENTS = YES;
				CLANG_WARN_EMPTY_BODY = YES;
				CLANG_WARN_ENUM_CONVERSION = YES;
				CLANG_WARN_INFINITE_RECURSION = YES;
				CLANG_WARN_INT_CONVERSION = YES;
				CLANG_WARN_NON_LITERAL_NULL_CONVERSION = YES;
				CLANG_WARN_OBJC_IMPLICIT_RETAIN_SELF = YES;
				CLANG_WARN_OBJC_LITERAL_CONVERSION = YES;
				CLANG_WARN_OBJC_ROOT_CLASS = YES_ERROR;
				CLANG_WARN_QUOTED_INCLUDE_IN_FRAMEWORK_HEADER = YES;
				CLANG_WARN_RANGE_LOOP_ANALYSIS = YES;
				CLANG_WARN_STRICT_PROTOTYPES = YES;
				CLANG_WARN_SUSPICIOUS_MOVE = YES;
				CLANG_WARN_UNGUARDED_AVAILABILITY = YES_AGGRESSIVE;
				CLANG_WARN_UNREACHABLE_CODE = YES;
				CLANG_WARN__DUPLICATE_METHOD_MATCH = YES;
				COPY_PHASE_STRIP = NO;
				DEBUG_INFORMATION_FORMAT = "dwarf-with-dsym";
				ENABLE_NS_ASSERTIONS = NO;
				ENABLE_STRICT_OBJC_MSGSEND = YES;
				ENABLE_USER_SCRIPT_SANDBOXING = YES;
				GCC_C_LANGUAGE_STANDARD = gnu17;
				GCC_NO_COMMON_BLOCKS = YES;
				GCC_WARN_64_TO_32_BIT_CONVERSION = YES;
				GCC_WARN_ABOUT_RETURN_TYPE = YES_ERROR;
				GCC_WARN_UNDECLARED_SELECTOR = YES;
				GCC_WARN_UNINITIALIZED_AUTOS = YES_AGGRESSIVE;
				GCC_WARN_UNUSED_FUNCTION = YES;
				GCC_WARN_UNUSED_VARIABLE = YES;
				IPHONEOS_DEPLOYMENT_TARGET = 18.1;
				LOCALIZATION_PREFERS_STRING_CATALOGS = YES;
				MTL_ENABLE_DEBUG_INFO = NO;
				MTL_FAST_MATH = YES;
				SDKROOT = iphoneos;
				SWIFT_COMPILATION_MODE = wholemodule;
				VALIDATE_PRODUCT = YES;
			};
			name = Release;
		};
/* End XCBuildConfiguration section */

/* Begin XCConfigurationList section */
		C600314F2D4781780024CA6A /* Build configuration list for PBXProject "UserListMVVM" */ = {
			isa = XCConfigurationList;
			buildConfigurations = (
				C600316A2D4781790024CA6A /* Debug */,
				C600316B2D4781790024CA6A /* Release */,
			);
			defaultConfigurationIsVisible = 0;
			defaultConfigurationName = Release;
		};
		C60031672D4781790024CA6A /* Build configuration list for PBXNativeTarget "UserListMVVM" */ = {
			isa = XCConfigurationList;
			buildConfigurations = (
				C60031682D4781790024CA6A /* Debug */,
				C60031692D4781790024CA6A /* Release */,
			);
			defaultConfigurationIsVisible = 0;
			defaultConfigurationName = Release;
		};
/* End XCConfigurationList section */
	};
	rootObject = C600314C2D4781780024CA6A /* Project object */;
}
