// !$*UTF8*$!
{
	archiveVersion = 1;
	classes = {
	};
	objectVersion = 77;
	objects = {

/* Begin PBXBuildFile section */
		C64DDE182D11AE4000E1DF34 /* AppDelegate.swift in Sources */ = {isa = PBXBuildFile; fileRef = C64DDE102D11AE4000E1DF34 /* AppDelegate.swift */; };
		C64DDE192D11AE4000E1DF34 /* SceneDelegate.swift in Sources */ = {isa = PBXBuildFile; fileRef = C64DDE152D11AE4000E1DF34 /* SceneDelegate.swift */; };
		C64DDE1B2D11AE4000E1DF34 /* Assets.xcassets in Resources */ = {isa = PBXBuildFile; fileRef = C64DDE112D11AE4000E1DF34 /* Assets.xcassets */; };
		C64DDE1D2D11AE4000E1DF34 /* LaunchScreen.storyboard in Resources */ = {isa = PBXBuildFile; fileRef = C64DDE142D11AE4000E1DF34 /* LaunchScreen.storyboard */; };
		C64DDE252D11AED700E1DF34 /* CalculatorViewController.swift in Sources */ = {isa = PBXBuildFile; fileRef = C64DDE1E2D11AED700E1DF34 /* CalculatorViewController.swift */; };
		C64DDE262D11AED700E1DF34 /* GradientView.swift in Sources */ = {isa = PBXBuildFile; fileRef = C64DDE222D11AED700E1DF34 /* GradientView.swift */; };
		C64DDE272D11AED700E1DF34 /* CustomButton.swift in Sources */ = {isa = PBXBuildFile; fileRef = C64DDE212D11AED700E1DF34 /* CustomButton.swift */; };
		C64DDE282D11AED700E1DF34 /* CalculatorViewController.xib in Resources */ = {isa = PBXBuildFile; fileRef = C64DDE1F2D11AED700E1DF34 /* CalculatorViewController.xib */; };
/* End PBXBuildFile section */

/* Begin PBXFileReference section */
		C64DDDF82D11ADF200E1DF34 /* CalculatorWithHistory.app */ = {isa = PBXFileReference; explicitFileType = wrapper.application; includeInIndex = 0; path = CalculatorWithHistory.app; sourceTree = BUILT_PRODUCTS_DIR; };
		C64DDE102D11AE4000E1DF34 /* AppDelegate.swift */ = {isa = PBXFileReference; lastKnownFileType = sourcecode.swift; path = AppDelegate.swift; sourceTree = "<group>"; };
		C64DDE112D11AE4000E1DF34 /* Assets.xcassets */ = {isa = PBXFileReference; lastKnownFileType = folder.assetcatalog; path = Assets.xcassets; sourceTree = "<group>"; };
		C64DDE122D11AE4000E1DF34 /* Info.plist */ = {isa = PBXFileReference; lastKnownFileType = text.plist.xml; path = Info.plist; sourceTree = "<group>"; };
		C64DDE132D11AE4000E1DF34 /* Base */ = {isa = PBXFileReference; lastKnownFileType = file.storyboard; name = Base; path = Base.lproj/LaunchScreen.storyboard; sourceTree = "<group>"; };
		C64DDE152D11AE4000E1DF34 /* SceneDelegate.swift */ = {isa = PBXFileReference; lastKnownFileType = sourcecode.swift; path = SceneDelegate.swift; sourceTree = "<group>"; };
		C64DDE1E2D11AED700E1DF34 /* CalculatorViewController.swift */ = {isa = PBXFileReference; lastKnownFileType = sourcecode.swift; path = CalculatorViewController.swift; sourceTree = "<group>"; };
		C64DDE1F2D11AED700E1DF34 /* CalculatorViewController.xib */ = {isa = PBXFileReference; lastKnownFileType = file.xib; path = CalculatorViewController.xib; sourceTree = "<group>"; };
		C64DDE212D11AED700E1DF34 /* CustomButton.swift */ = {isa = PBXFileReference; lastKnownFileType = sourcecode.swift; path = CustomButton.swift; sourceTree = "<group>"; };
		C64DDE222D11AED700E1DF34 /* GradientView.swift */ = {isa = PBXFileReference; lastKnownFileType = sourcecode.swift; path = GradientView.swift; sourceTree = "<group>"; };
/* End PBXFileReference section */

/* Begin PBXFrameworksBuildPhase section */
		C64DDDF52D11ADF200E1DF34 /* Frameworks */ = {
			isa = PBXFrameworksBuildPhase;
			buildActionMask = 2147483647;
			files = (
			);
			runOnlyForDeploymentPostprocessing = 0;
		};
/* End PBXFrameworksBuildPhase section */

/* Begin PBXGroup section */
		C64DDDEF2D11ADF200E1DF34 = {
			isa = PBXGroup;
			children = (
				C64DDE172D11AE4000E1DF34 /* CalculatorWithHistory */,
				C64DDDF92D11ADF200E1DF34 /* Products */,
			);
			sourceTree = "<group>";
		};
		C64DDDF92D11ADF200E1DF34 /* Products */ = {
			isa = PBXGroup;
			children = (
				C64DDDF82D11ADF200E1DF34 /* CalculatorWithHistory.app */,
			);
			name = Products;
			sourceTree = "<group>";
		};
		C64DDE172D11AE4000E1DF34 /* CalculatorWithHistory */ = {
			isa = PBXGroup;
			children = (
				C64DDE242D11AED700E1DF34 /* View */,
				C64DDE112D11AE4000E1DF34 /* Assets.xcassets */,
				C64DDE122D11AE4000E1DF34 /* Info.plist */,
				C64DDE142D11AE4000E1DF34 /* LaunchScreen.storyboard */,
				C64DDE152D11AE4000E1DF34 /* SceneDelegate.swift */,
				C64DDE102D11AE4000E1DF34 /* AppDelegate.swift */,
			);
			path = CalculatorWithHistory;
			sourceTree = "<group>";
		};
		C64DDE202D11AED700E1DF34 /* Controllers */ = {
			isa = PBXGroup;
			children = (
				C64DDE1E2D11AED700E1DF34 /* CalculatorViewController.swift */,
				C64DDE1F2D11AED700E1DF34 /* CalculatorViewController.xib */,
			);
			path = Controllers;
			sourceTree = "<group>";
		};
		C64DDE232D11AED700E1DF34 /* CustomViews */ = {
			isa = PBXGroup;
			children = (
				C64DDE212D11AED700E1DF34 /* CustomButton.swift */,
				C64DDE222D11AED700E1DF34 /* GradientView.swift */,
			);
			path = CustomViews;
			sourceTree = "<group>";
		};
		C64DDE242D11AED700E1DF34 /* View */ = {
			isa = PBXGroup;
			children = (
				C64DDE202D11AED700E1DF34 /* Controllers */,
				C64DDE232D11AED700E1DF34 /* CustomViews */,
			);
			path = View;
			sourceTree = "<group>";
		};
/* End PBXGroup section */

/* Begin PBXNativeTarget section */
		C64DDDF72D11ADF200E1DF34 /* CalculatorWithHistory */ = {
			isa = PBXNativeTarget;
			buildConfigurationList = C64DDE0B2D11ADF300E1DF34 /* Build configuration list for PBXNativeTarget "CalculatorWithHistory" */;
			buildPhases = (
				C64DDDF42D11ADF200E1DF34 /* Sources */,
				C64DDDF52D11ADF200E1DF34 /* Frameworks */,
				C64DDDF62D11ADF200E1DF34 /* Resources */,
			);
			buildRules = (
			);
			dependencies = (
			);
			name = CalculatorWithHistory;
			packageProductDependencies = (
			);
			productName = CalculatorWithHistory;
			productReference = C64DDDF82D11ADF200E1DF34 /* CalculatorWithHistory.app */;
			productType = "com.apple.product-type.application";
		};
/* End PBXNativeTarget section */

/* Begin PBXProject section */
		C64DDDF02D11ADF200E1DF34 /* Project object */ = {
			isa = PBXProject;
			attributes = {
				BuildIndependentTargetsInParallel = 1;
				LastSwiftUpdateCheck = 1610;
				LastUpgradeCheck = 1610;
				TargetAttributes = {
					C64DDDF72D11ADF200E1DF34 = {
						CreatedOnToolsVersion = 16.1;
					};
				};
			};
			buildConfigurationList = C64DDDF32D11ADF200E1DF34 /* Build configuration list for PBXProject "CalculatorWithHistory" */;
			developmentRegion = en;
			hasScannedForEncodings = 0;
			knownRegions = (
				en,
				Base,
			);
			mainGroup = C64DDDEF2D11ADF200E1DF34;
			minimizedProjectReferenceProxies = 1;
			preferredProjectObjectVersion = 77;
			productRefGroup = C64DDDF92D11ADF200E1DF34 /* Products */;
			projectDirPath = "";
			projectRoot = "";
			targets = (
				C64DDDF72D11ADF200E1DF34 /* CalculatorWithHistory */,
			);
		};
/* End PBXProject section */

/* Begin PBXResourcesBuildPhase section */
		C64DDDF62D11ADF200E1DF34 /* Resources */ = {
			isa = PBXResourcesBuildPhase;
			buildActionMask = 2147483647;
			files = (
				C64DDE1B2D11AE4000E1DF34 /* Assets.xcassets in Resources */,
				C64DDE282D11AED700E1DF34 /* CalculatorViewController.xib in Resources */,
				C64DDE1D2D11AE4000E1DF34 /* LaunchScreen.storyboard in Resources */,
			);
			runOnlyForDeploymentPostprocessing = 0;
		};
/* End PBXResourcesBuildPhase section */

/* Begin PBXSourcesBuildPhase section */
		C64DDDF42D11ADF200E1DF34 /* Sources */ = {
			isa = PBXSourcesBuildPhase;
			buildActionMask = 2147483647;
			files = (
				C64DDE182D11AE4000E1DF34 /* AppDelegate.swift in Sources */,
				C64DDE252D11AED700E1DF34 /* CalculatorViewController.swift in Sources */,
				C64DDE262D11AED700E1DF34 /* GradientView.swift in Sources */,
				C64DDE272D11AED700E1DF34 /* CustomButton.swift in Sources */,
				C64DDE192D11AE4000E1DF34 /* SceneDelegate.swift in Sources */,
			);
			runOnlyForDeploymentPostprocessing = 0;
		};
/* End PBXSourcesBuildPhase section */

/* Begin PBXVariantGroup section */
		C64DDE142D11AE4000E1DF34 /* LaunchScreen.storyboard */ = {
			isa = PBXVariantGroup;
			children = (
				C64DDE132D11AE4000E1DF34 /* Base */,
			);
			name = LaunchScreen.storyboard;
			sourceTree = "<group>";
		};
/* End PBXVariantGroup section */

/* Begin XCBuildConfiguration section */
		C64DDE0C2D11ADF300E1DF34 /* Debug */ = {
			isa = XCBuildConfiguration;
			buildSettings = {
				ASSETCATALOG_COMPILER_APPICON_NAME = AppIcon;
				ASSETCATALOG_COMPILER_GLOBAL_ACCENT_COLOR_NAME = AccentColor;
				CODE_SIGN_STYLE = Automatic;
				CURRENT_PROJECT_VERSION = 1;
				DEVELOPMENT_TEAM = J4QF7K26GP;
				GENERATE_INFOPLIST_FILE = YES;
				INFOPLIST_FILE = CalculatorWithHistory/Info.plist;
				INFOPLIST_KEY_UIApplicationSupportsIndirectInputEvents = YES;
				INFOPLIST_KEY_UILaunchStoryboardName = LaunchScreen;
				INFOPLIST_KEY_UISupportedInterfaceOrientations_iPad = "UIInterfaceOrientationPortrait UIInterfaceOrientationPortraitUpsideDown UIInterfaceOrientationLandscapeLeft UIInterfaceOrientationLandscapeRight";
				INFOPLIST_KEY_UISupportedInterfaceOrientations_iPhone = "UIInterfaceOrientationPortrait UIInterfaceOrientationLandscapeLeft UIInterfaceOrientationLandscapeRight";
				LD_RUNPATH_SEARCH_PATHS = (
					"$(inherited)",
					"@executable_path/Frameworks",
				);
				MARKETING_VERSION = 1.0;
				PRODUCT_BUNDLE_IDENTIFIER = com.mertziya.CalculatorWithHistory;
				PRODUCT_NAME = "$(TARGET_NAME)";
				SWIFT_EMIT_LOC_STRINGS = YES;
				SWIFT_VERSION = 5.0;
				TARGETED_DEVICE_FAMILY = "1,2";
			};
			name = Debug;
		};
		C64DDE0D2D11ADF300E1DF34 /* Release */ = {
			isa = XCBuildConfiguration;
			buildSettings = {
				ASSETCATALOG_COMPILER_APPICON_NAME = AppIcon;
				ASSETCATALOG_COMPILER_GLOBAL_ACCENT_COLOR_NAME = AccentColor;
				CODE_SIGN_STYLE = Automatic;
				CURRENT_PROJECT_VERSION = 1;
				DEVELOPMENT_TEAM = J4QF7K26GP;
				GENERATE_INFOPLIST_FILE = YES;
				INFOPLIST_FILE = CalculatorWithHistory/Info.plist;
				INFOPLIST_KEY_UIApplicationSupportsIndirectInputEvents = YES;
				INFOPLIST_KEY_UILaunchStoryboardName = LaunchScreen;
				INFOPLIST_KEY_UISupportedInterfaceOrientations_iPad = "UIInterfaceOrientationPortrait UIInterfaceOrientationPortraitUpsideDown UIInterfaceOrientationLandscapeLeft UIInterfaceOrientationLandscapeRight";
				INFOPLIST_KEY_UISupportedInterfaceOrientations_iPhone = "UIInterfaceOrientationPortrait UIInterfaceOrientationLandscapeLeft UIInterfaceOrientationLandscapeRight";
				LD_RUNPATH_SEARCH_PATHS = (
					"$(inherited)",
					"@executable_path/Frameworks",
				);
				MARKETING_VERSION = 1.0;
				PRODUCT_BUNDLE_IDENTIFIER = com.mertziya.CalculatorWithHistory;
				PRODUCT_NAME = "$(TARGET_NAME)";
				SWIFT_EMIT_LOC_STRINGS = YES;
				SWIFT_VERSION = 5.0;
				TARGETED_DEVICE_FAMILY = "1,2";
			};
			name = Release;
		};
		C64DDE0E2D11ADF300E1DF34 /* Debug */ = {
			isa = XCBuildConfiguration;
			buildSettings = {
				ALWAYS_SEARCH_USER_PATHS = NO;
				ASSETCATALOG_COMPILER_GENERATE_SWIFT_ASSET_SYMBOL_EXTENSIONS = YES;
				CLANG_ANALYZER_NONNULL = YES;
				CLANG_ANALYZER_NUMBER_OBJECT_CONVERSION = YES_AGGRESSIVE;
				CLANG_CXX_LANGUAGE_STANDARD = "gnu++20";
				CLANG_ENABLE_MODULES = YES;
				CLANG_ENABLE_OBJC_ARC = YES;
				CLANG_ENABLE_OBJC_WEAK = YES;
				CLANG_WARN_BLOCK_CAPTURE_AUTORELEASING = YES;
				CLANG_WARN_BOOL_CONVERSION = YES;
				CLANG_WARN_COMMA = YES;
				CLANG_WARN_CONSTANT_CONVERSION = YES;
				CLANG_WARN_DEPRECATED_OBJC_IMPLEMENTATIONS = YES;
				CLANG_WARN_DIRECT_OBJC_ISA_USAGE = YES_ERROR;
				CLANG_WARN_DOCUMENTATION_COMMENTS = YES;
				CLANG_WARN_EMPTY_BODY = YES;
				CLANG_WARN_ENUM_CONVERSION = YES;
				CLANG_WARN_INFINITE_RECURSION = YES;
				CLANG_WARN_INT_CONVERSION = YES;
				CLANG_WARN_NON_LITERAL_NULL_CONVERSION = YES;
				CLANG_WARN_OBJC_IMPLICIT_RETAIN_SELF = YES;
				CLANG_WARN_OBJC_LITERAL_CONVERSION = YES;
				CLANG_WARN_OBJC_ROOT_CLASS = YES_ERROR;
				CLANG_WARN_QUOTED_INCLUDE_IN_FRAMEWORK_HEADER = YES;
				CLANG_WARN_RANGE_LOOP_ANALYSIS = YES;
				CLANG_WARN_STRICT_PROTOTYPES = YES;
				CLANG_WARN_SUSPICIOUS_MOVE = YES;
				CLANG_WARN_UNGUARDED_AVAILABILITY = YES_AGGRESSIVE;
				CLANG_WARN_UNREACHABLE_CODE = YES;
				CLANG_WARN__DUPLICATE_METHOD_MATCH = YES;
				COPY_PHASE_STRIP = NO;
				DEBUG_INFORMATION_FORMAT = dwarf;
				ENABLE_STRICT_OBJC_MSGSEND = YES;
				ENABLE_TESTABILITY = YES;
				ENABLE_USER_SCRIPT_SANDBOXING = YES;
				GCC_C_LANGUAGE_STANDARD = gnu17;
				GCC_DYNAMIC_NO_PIC = NO;
				GCC_NO_COMMON_BLOCKS = YES;
				GCC_OPTIMIZATION_LEVEL = 0;
				GCC_PREPROCESSOR_DEFINITIONS = (
					"DEBUG=1",
					"$(inherited)",
				);
				GCC_WARN_64_TO_32_BIT_CONVERSION = YES;
				GCC_WARN_ABOUT_RETURN_TYPE = YES_ERROR;
				GCC_WARN_UNDECLARED_SELECTOR = YES;
				GCC_WARN_UNINITIALIZED_AUTOS = YES_AGGRESSIVE;
				GCC_WARN_UNUSED_FUNCTION = YES;
				GCC_WARN_UNUSED_VARIABLE = YES;
				IPHONEOS_DEPLOYMENT_TARGET = 18.1;
				LOCALIZATION_PREFERS_STRING_CATALOGS = YES;
				MTL_ENABLE_DEBUG_INFO = INCLUDE_SOURCE;
				MTL_FAST_MATH = YES;
				ONLY_ACTIVE_ARCH = YES;
				SDKROOT = iphoneos;
				SWIFT_ACTIVE_COMPILATION_CONDITIONS = "DEBUG $(inherited)";
				SWIFT_OPTIMIZATION_LEVEL = "-Onone";
			};
			name = Debug;
		};
		C64DDE0F2D11ADF300E1DF34 /* Release */ = {
			isa = XCBuildConfiguration;
			buildSettings = {
				ALWAYS_SEARCH_USER_PATHS = NO;
				ASSETCATALOG_COMPILER_GENERATE_SWIFT_ASSET_SYMBOL_EXTENSIONS = YES;
				CLANG_ANALYZER_NONNULL = YES;
				CLANG_ANALYZER_NUMBER_OBJECT_CONVERSION = YES_AGGRESSIVE;
				CLANG_CXX_LANGUAGE_STANDARD = "gnu++20";
				CLANG_ENABLE_MODULES = YES;
				CLANG_ENABLE_OBJC_ARC = YES;
				CLANG_ENABLE_OBJC_WEAK = YES;
				CLANG_WARN_BLOCK_CAPTURE_AUTORELEASING = YES;
				CLANG_WARN_BOOL_CONVERSION = YES;
				CLANG_WARN_COMMA = YES;
				CLANG_WARN_CONSTANT_CONVERSION = YES;
				CLANG_WARN_DEPRECATED_OBJC_IMPLEMENTATIONS = YES;
				CLANG_WARN_DIRECT_OBJC_ISA_USAGE = YES_ERROR;
				CLANG_WARN_DOCUMENTATION_COMMENTS = YES;
				CLANG_WARN_EMPTY_BODY = YES;
				CLANG_WARN_ENUM_CONVERSION = YES;
				CLANG_WARN_INFINITE_RECURSION = YES;
				CLANG_WARN_INT_CONVERSION = YES;
				CLANG_WARN_NON_LITERAL_NULL_CONVERSION = YES;
				CLANG_WARN_OBJC_IMPLICIT_RETAIN_SELF = YES;
				CLANG_WARN_OBJC_LITERAL_CONVERSION = YES;
				CLANG_WARN_OBJC_ROOT_CLASS = YES_ERROR;
				CLANG_WARN_QUOTED_INCLUDE_IN_FRAMEWORK_HEADER = YES;
				CLANG_WARN_RANGE_LOOP_ANALYSIS = YES;
				CLANG_WARN_STRICT_PROTOTYPES = YES;
				CLANG_WARN_SUSPICIOUS_MOVE = YES;
				CLANG_WARN_UNGUARDED_AVAILABILITY = YES_AGGRESSIVE;
				CLANG_WARN_UNREACHABLE_CODE = YES;
				CLANG_WARN__DUPLICATE_METHOD_MATCH = YES;
				COPY_PHASE_STRIP = NO;
				DEBUG_INFORMATION_FORMAT = "dwarf-with-dsym";
				ENABLE_NS_ASSERTIONS = NO;
				ENABLE_STRICT_OBJC_MSGSEND = YES;
				ENABLE_USER_SCRIPT_SANDBOXING = YES;
				GCC_C_LANGUAGE_STANDARD = gnu17;
				GCC_NO_COMMON_BLOCKS = YES;
				GCC_WARN_64_TO_32_BIT_CONVERSION = YES;
				GCC_WARN_ABOUT_RETURN_TYPE = YES_ERROR;
				GCC_WARN_UNDECLARED_SELECTOR = YES;
				GCC_WARN_UNINITIALIZED_AUTOS = YES_AGGRESSIVE;
				GCC_WARN_UNUSED_FUNCTION = YES;
				GCC_WARN_UNUSED_VARIABLE = YES;
				IPHONEOS_DEPLOYMENT_TARGET = 18.1;
				LOCALIZATION_PREFERS_STRING_CATALOGS = YES;
				MTL_ENABLE_DEBUG_INFO = NO;
				MTL_FAST_MATH = YES;
				SDKROOT = iphoneos;
				SWIFT_COMPILATION_MODE = wholemodule;
				VALIDATE_PRODUCT = YES;
			};
			name = Release;
		};
/* End XCBuildConfiguration section */

/* Begin XCConfigurationList section */
		C64DDDF32D11ADF200E1DF34 /* Build configuration list for PBXProject "CalculatorWithHistory" */ = {
			isa = XCConfigurationList;
			buildConfigurations = (
				C64DDE0E2D11ADF300E1DF34 /* Debug */,
				C64DDE0F2D11ADF300E1DF34 /* Release */,
			);
			defaultConfigurationIsVisible = 0;
			defaultConfigurationName = Release;
		};
		C64DDE0B2D11ADF300E1DF34 /* Build configuration list for PBXNativeTarget "CalculatorWithHistory" */ = {
			isa = XCConfigurationList;
			buildConfigurations = (
				C64DDE0C2D11ADF300E1DF34 /* Debug */,
				C64DDE0D2D11ADF300E1DF34 /* Release */,
			);
			defaultConfigurationIsVisible = 0;
			defaultConfigurationName = Release;
		};
/* End XCConfigurationList section */
	};
	rootObject = C64DDDF02D11ADF200E1DF34 /* Project object */;
}
